
Microsoft Visual Studio Solution File, Format Version 12.00
# Visual Studio 15
VisualStudioVersion = 15.0.26124.0
MinimumVisualStudioVersion = 15.0.26124.0
Project("{2150E333-8FDC-42A3-9474-1A3956D46DE8}") = "src", "src", "{776D9EEA-4E95-4F1B-94FF-43CCEA9BB163}"
EndProject
Project("{FAE04EC0-301F-11D3-BF4B-00C04F79EFBC}") = "PrimeService", "src\PrimeService\PrimeService.csproj", "{30BAD347-E2CA-4F10-B603-6B3FD9A14241}"
EndProject
Project("{2150E333-8FDC-42A3-9474-1A3956D46DE8}") = "test", "test", "{3907C758-7F5F-4DEF-BDA2-67712A1ADD5A}"
EndProject
Project("{FAE04EC0-301F-11D3-BF4B-00C04F79EFBC}") = "PrimeService.Tests", "test\PrimeService.Tests\PrimeService.Tests.csproj", "{C687292E-4229-4925-876E-9B26684D5852}"
EndProject
Global
	GlobalSection(SolutionConfigurationPlatforms) = preSolution
		Debug|Any CPU = Debug|Any CPU
		Debug|x64 = Debug|x64
		Debug|x86 = Debug|x86
		Release|Any CPU = Release|Any CPU
		Release|x64 = Release|x64
		Release|x86 = Release|x86
	EndGlobalSection
	GlobalSection(SolutionProperties) = preSolution
		HideSolutionNode = FALSE
	EndGlobalSection
	GlobalSection(ProjectConfigurationPlatforms) = postSolution
		{30BAD347-E2CA-4F10-B603-6B3FD9A14241}.Debug|Any CPU.ActiveCfg = Debug|Any CPU
		{30BAD347-E2CA-4F10-B603-6B3FD9A14241}.Debug|Any CPU.Build.0 = Debug|Any CPU
		{30BAD347-E2CA-4F10-B603-6B3FD9A14241}.Debug|x64.ActiveCfg = Debug|Any CPU
		{30BAD347-E2CA-4F10-B603-6B3FD9A14241}.Debug|x64.Build.0 = Debug|Any CPU
		{30BAD347-E2CA-4F10-B603-6B3FD9A14241}.Debug|x86.ActiveCfg = Debug|Any CPU
		{30BAD347-E2CA-4F10-B603-6B3FD9A14241}.Debug|x86.Build.0 = Debug|Any CPU
		{30BAD347-E2CA-4F10-B603-6B3FD9A14241}.Release|Any CPU.ActiveCfg = Release|Any CPU
		{30BAD347-E2CA-4F10-B603-6B3FD9A14241}.Release|Any CPU.Build.0 = Release|Any CPU
		{30BAD347-E2CA-4F10-B603-6B3FD9A14241}.Release|x64.ActiveCfg = Release|Any CPU
		{30BAD347-E2CA-4F10-B603-6B3FD9A14241}.Release|x64.Build.0 = Release|Any CPU
		{30BAD347-E2CA-4F10-B603-6B3FD9A14241}.Release|x86.ActiveCfg = Release|Any CPU
		{30BAD347-E2CA-4F10-B603-6B3FD9A14241}.Release|x86.Build.0 = Release|Any CPU
		{C687292E-4229-4925-876E-9B26684D5852}.Debug|Any CPU.ActiveCfg = Debug|Any CPU
		{C687292E-4229-4925-876E-9B26684D5852}.Debug|Any CPU.Build.0 = Debug|Any CPU
		{C687292E-4229-4925-876E-9B26684D5852}.Debug|x64.ActiveCfg = Debug|Any CPU
		{C687292E-4229-4925-876E-9B26684D5852}.Debug|x64.Build.0 = Debug|Any CPU
		{C687292E-4229-4925-876E-9B26684D5852}.Debug|x86.ActiveCfg = Debug|Any CPU
		{C687292E-4229-4925-876E-9B26684D5852}.Debug|x86.Build.0 = Debug|Any CPU
		{C687292E-4229-4925-876E-9B26684D5852}.Release|Any CPU.ActiveCfg = Release|Any CPU
		{C687292E-4229-4925-876E-9B26684D5852}.Release|Any CPU.Build.0 = Release|Any CPU
		{C687292E-4229-4925-876E-9B26684D5852}.Release|x64.ActiveCfg = Release|Any CPU
		{C687292E-4229-4925-876E-9B26684D5852}.Release|x64.Build.0 = Release|Any CPU
		{C687292E-4229-4925-876E-9B26684D5852}.Release|x86.ActiveCfg = Release|Any CPU
		{C687292E-4229-4925-876E-9B26684D5852}.Release|x86.Build.0 = Release|Any CPU
	EndGlobalSection
	GlobalSection(NestedProjects) = preSolution
		{30BAD347-E2CA-4F10-B603-6B3FD9A14241} = {776D9EEA-4E95-4F1B-94FF-43CCEA9BB163}
		{C687292E-4229-4925-876E-9B26684D5852} = {3907C758-7F5F-4DEF-BDA2-67712A1ADD5A}
	EndGlobalSection
EndGlobal
